
Microsoft Visual Studio Solution File, Format Version 12.00
# Visual Studio Version 17
VisualStudioVersion = 17.7.34018.315
MinimumVisualStudioVersion = 10.0.40219.1
Project("{FAE04EC0-301F-11D3-BF4B-00C04F79EFBC}") = "Assignment", "Assignment.csproj", "{BA710B78-B942-464D-8372-20000AD065DE}"
EndProject
Global
	GlobalSection(SolutionConfigurationPlatforms) = preSolution
		Debug|Any CPU = Debug|Any CPU
		Release|Any CPU = Release|Any CPU
	EndGlobalSection
	GlobalSection(ProjectConfigurationPlatforms) = postSolution
		{BA710B78-B942-464D-8372-20000AD065DE}.Debug|Any CPU.ActiveCfg = Debug|Any CPU
		{BA710B78-B942-464D-8372-20000AD065DE}.Debug|Any CPU.Build.0 = Debug|Any CPU
		{BA710B78-B942-464D-8372-20000AD065DE}.Release|Any CPU.ActiveCfg = Release|Any CPU
		{BA710B78-B942-464D-8372-20000AD065DE}.Release|Any CPU.Build.0 = Release|Any CPU
	EndGlobalSection
	GlobalSection(SolutionProperties) = preSolution
		HideSolutionNode = FALSE
	EndGlobalSection
	GlobalSection(ExtensibilityGlobals) = postSolution
		SolutionGuid = {E701E873-0C53-43F9-9754-7121AC4541C9}
	EndGlobalSection
EndGlobal
